
Microsoft Visual Studio Solution File, Format Version 12.00
# Visual Studio Version 16
VisualStudioVersion = 16.0.34031.81
MinimumVisualStudioVersion = 10.0.40219.1
Project("{FAE04EC0-301F-11D3-BF4B-00C04F79EFBC}") = "MVCproject", "MVCproject\MVCproject.csproj", "{AB41847D-05A2-41F7-A104-2AA9B4FF7C6F}"
EndProject
Global
	GlobalSection(SolutionConfigurationPlatforms) = preSolution
		Debug|Any CPU = Debug|Any CPU
		Release|Any CPU = Release|Any CPU
	EndGlobalSection
	GlobalSection(ProjectConfigurationPlatforms) = postSolution
		{AB41847D-05A2-41F7-A104-2AA9B4FF7C6F}.Debug|Any CPU.ActiveCfg = Debug|Any CPU
		{AB41847D-05A2-41F7-A104-2AA9B4FF7C6F}.Debug|Any CPU.Build.0 = Debug|Any CPU
		{AB41847D-05A2-41F7-A104-2AA9B4FF7C6F}.Release|Any CPU.ActiveCfg = Release|Any CPU
		{AB41847D-05A2-41F7-A104-2AA9B4FF7C6F}.Release|Any CPU.Build.0 = Release|Any CPU
	EndGlobalSection
	GlobalSection(SolutionProperties) = preSolution
		HideSolutionNode = FALSE
	EndGlobalSection
	GlobalSection(ExtensibilityGlobals) = postSolution
		SolutionGuid = {BA1BA92D-55F1-4D9C-9788-BC84DFC5D65A}
	EndGlobalSection
EndGlobal
